
Microsoft Visual Studio Solution File, Format Version 12.00
# Visual Studio Version 17
VisualStudioVersion = 17.14.36705.20 d17.14
MinimumVisualStudioVersion = 10.0.40219.1
Project("{FAE04EC0-301F-11D3-BF4B-00C04F79EFBC}") = "fftivc.unitcontrol", "fftivc.unitcontrol\fftivc.unitcontrol.csproj", "{6BAA6E78-18BE-49B7-9127-25D686114998}"
EndProject
Global
	GlobalSection(SolutionConfigurationPlatforms) = preSolution
		Debug|Any CPU = Debug|Any CPU
		Release|Any CPU = Release|Any CPU
	EndGlobalSection
	GlobalSection(ProjectConfigurationPlatforms) = postSolution
		{6BAA6E78-18BE-49B7-9127-25D686114998}.Debug|Any CPU.ActiveCfg = Debug|Any CPU
		{6BAA6E78-18BE-49B7-9127-25D686114998}.Debug|Any CPU.Build.0 = Debug|Any CPU
		{6BAA6E78-18BE-49B7-9127-25D686114998}.Release|Any CPU.ActiveCfg = Release|Any CPU
		{6BAA6E78-18BE-49B7-9127-25D686114998}.Release|Any CPU.Build.0 = Release|Any CPU
	EndGlobalSection
	GlobalSection(SolutionProperties) = preSolution
		HideSolutionNode = FALSE
	EndGlobalSection
	GlobalSection(ExtensibilityGlobals) = postSolution
		SolutionGuid = {3ADEE1CF-5C35-4C3B-A0F5-C2AF7837DB2F}
	EndGlobalSection
EndGlobal
